
Microsoft Visual Studio Solution File, Format Version 12.00
# Visual Studio 15
VisualStudioVersion = 15.0.28010.2048
MinimumVisualStudioVersion = 10.0.40219.1
Project("{FAE04EC0-301F-11D3-BF4B-00C04F79EFBC}") = "music-player-lite", "music-player-lite\music-player-lite.csproj", "{AB8C2766-CAD8-49B0-8D6E-83417F613043}"
EndProject
Global
	GlobalSection(SolutionConfigurationPlatforms) = preSolution
		Debug|Any CPU = Debug|Any CPU
		Release|Any CPU = Release|Any CPU
	EndGlobalSection
	GlobalSection(ProjectConfigurationPlatforms) = postSolution
		{AB8C2766-CAD8-49B0-8D6E-83417F613043}.Debug|Any CPU.ActiveCfg = Debug|Any CPU
		{AB8C2766-CAD8-49B0-8D6E-83417F613043}.Debug|Any CPU.Build.0 = Debug|Any CPU
		{AB8C2766-CAD8-49B0-8D6E-83417F613043}.Release|Any CPU.ActiveCfg = Release|Any CPU
		{AB8C2766-CAD8-49B0-8D6E-83417F613043}.Release|Any CPU.Build.0 = Release|Any CPU
	EndGlobalSection
	GlobalSection(SolutionProperties) = preSolution
		HideSolutionNode = FALSE
	EndGlobalSection
	GlobalSection(ExtensibilityGlobals) = postSolution
		SolutionGuid = {CE6097BC-9AD2-46B1-835A-29ACC1287765}
	EndGlobalSection
EndGlobal
